<?xml version="1.0" encoding="utf-8"?>
<Project ToolsVersion="4.0" xmlns="http://schemas.microsoft.com/developer/msbuild/2003">
  <ItemGroup>
    <Filter Include="DirectX Manager">
      <UniqueIdentifier>{68f65eef-f9b6-4ca1-98fb-eea3e4e2a917}</UniqueIdentifier>
    </Filter>
    <Filter Include="Shaders">
      <UniqueIdentifier>{b0409824-bc0c-4fee-93b9-95601dbacabd}</UniqueIdentifier>
    </Filter>
  </ItemGroup>
  <ItemGroup>
    <ClCompile Include="dxManager.cpp">
      <Filter>DirectX Manager</Filter>
    </ClCompile>
    <ClCompile Include="winMain.cpp" />
  </ItemGroup>
  <ItemGroup>
    <ClInclude Include="dxManager.h">
      <Filter>DirectX Manager</Filter>
    </ClInclude>
  </ItemGroup>
  <ItemGroup>
    <None Include="basicEffect.fx">
      <Filter>Shaders</Filter>
    </None>
  </ItemGroup>
</Project>